
Microsoft Visual Studio Solution File, Format Version 12.00
# Visual Studio Version 16
VisualStudioVersion = 16.0.29519.181
MinimumVisualStudioVersion = 10.0.40219.1
Project("{2150E333-8FDC-42A3-9474-1A3956D46DE8}") = "Solution Items", "Solution Items", "{E67D537D-DEBD-474A-8F7C-7FA77C0A6B1E}"
	ProjectSection(SolutionItems) = preProject
		questionHeader.h = questionHeader.h
	EndProjectSection
EndProject
Global
	GlobalSection(SolutionProperties) = preSolution
		HideSolutionNode = FALSE
	EndGlobalSection
	GlobalSection(ExtensibilityGlobals) = postSolution
		SolutionGuid = {8DA34B57-540B-4D6D-92AA-D86605793D9C}
	EndGlobalSection
EndGlobal
